// !$*UTF8*$!
{
	archiveVersion = 1;
	classes = {
	};
	objectVersion = 50;
	objects = {

/* Begin PBXBuildFile section */
		350AF6D925E02D5E0000F698 /* WelcomeView.swift in Sources */ = {isa = PBXBuildFile; fileRef = 350AF6D825E02D5E0000F698 /* WelcomeView.swift */; };
		350AF6E425E035840000F698 /* WelcomeFeatureView.swift in Sources */ = {isa = PBXBuildFile; fileRef = 350AF6E325E035840000F698 /* WelcomeFeatureView.swift */; };
		350AF6ED25E0365A0000F698 /* UIImage+Badge.swift in Sources */ = {isa = PBXBuildFile; fileRef = 350AF6EC25E0365A0000F698 /* UIImage+Badge.swift */; };
		35868D2825E03F090028AF1D /* WelcomeViewPresenter.swift in Sources */ = {isa = PBXBuildFile; fileRef = 35868D2725E03F090028AF1D /* WelcomeViewPresenter.swift */; };
		35EAFB7925CC9E3B00DCFE10 /* Networking.m in Sources */ = {isa = PBXBuildFile; fileRef = 35EAFB7825CC9E3B00DCFE10 /* Networking.m */; };
		4838935127692B9700EEFEEA /* StorageRepository.swift in Sources */ = {isa = PBXBuildFile; fileRef = 4838935027692B9700EEFEEA /* StorageRepository.swift */; };
		4838935327692BF900EEFEEA /* DefaultsImplementation.swift in Sources */ = {isa = PBXBuildFile; fileRef = 4838935227692BF900EEFEEA /* DefaultsImplementation.swift */; };
		4838935627692E9100EEFEEA /* Initialization.swift in Sources */ = {isa = PBXBuildFile; fileRef = 4838935527692E9100EEFEEA /* Initialization.swift */; };
		4847D02D27666A0600D5158A /* +UIViewController.swift in Sources */ = {isa = PBXBuildFile; fileRef = 4847D02C27666A0600D5158A /* +UIViewController.swift */; };
		4847D030276671E400D5158A /* MainCounterViewController.swift in Sources */ = {isa = PBXBuildFile; fileRef = 4847D02F276671E400D5158A /* MainCounterViewController.swift */; };
		4847D0322766724F00D5158A /* MainCounterViewModel.swift in Sources */ = {isa = PBXBuildFile; fileRef = 4847D0312766724F00D5158A /* MainCounterViewModel.swift */; };
		4847D036276692FC00D5158A /* MainCounterViewControllerTests.swift in Sources */ = {isa = PBXBuildFile; fileRef = 4847D035276692FB00D5158A /* MainCounterViewControllerTests.swift */; };
		4847D0382766984C00D5158A /* DependencyStub.swift in Sources */ = {isa = PBXBuildFile; fileRef = 4847D0372766984C00D5158A /* DependencyStub.swift */; };
		4847D03C27669D7600D5158A /* +UIView.swift in Sources */ = {isa = PBXBuildFile; fileRef = 4847D03B27669D7600D5158A /* +UIView.swift */; };
		4847D03E27669FA800D5158A /* MainResponseView.swift in Sources */ = {isa = PBXBuildFile; fileRef = 4847D03D27669FA800D5158A /* MainResponseView.swift */; };
		4847D0402766A26E00D5158A /* ViewFactory.swift in Sources */ = {isa = PBXBuildFile; fileRef = 4847D03F2766A26E00D5158A /* ViewFactory.swift */; };
		4859BCE7276FA23700896380 /* CounterViewModel.swift in Sources */ = {isa = PBXBuildFile; fileRef = 4859BCE6276FA23700896380 /* CounterViewModel.swift */; };
		4859BCE9276FBFCB00896380 /* ChangeUseCaseImplementation.swift in Sources */ = {isa = PBXBuildFile; fileRef = 4859BCE8276FBFCB00896380 /* ChangeUseCaseImplementation.swift */; };
		4866AC0427716F940019EA08 /* NetworkMock.swift in Sources */ = {isa = PBXBuildFile; fileRef = 4866AC0327716F940019EA08 /* NetworkMock.swift */; };
		4866AC062771710F0019EA08 /* CreateItemUseCaseMock.swift in Sources */ = {isa = PBXBuildFile; fileRef = 4866AC052771710F0019EA08 /* CreateItemUseCaseMock.swift */; };
		4866AC082771724F0019EA08 /* CountersStub.swift in Sources */ = {isa = PBXBuildFile; fileRef = 4866AC072771724F0019EA08 /* CountersStub.swift */; };
		4866AC0B277175F10019EA08 /* ChangeCountUseCaseMock.swift in Sources */ = {isa = PBXBuildFile; fileRef = 4866AC0A277175F10019EA08 /* ChangeCountUseCaseMock.swift */; };
		4866AC0D277176570019EA08 /* GetCountUseCaseMock.swift in Sources */ = {isa = PBXBuildFile; fileRef = 4866AC0C277176570019EA08 /* GetCountUseCaseMock.swift */; };
		489019BD2767B65E00155A6C /* CreateItemViewControllerTests.swift in Sources */ = {isa = PBXBuildFile; fileRef = 489019BC2767B65E00155A6C /* CreateItemViewControllerTests.swift */; };
		489019BF2767B6D500155A6C /* CreateItemViewController.swift in Sources */ = {isa = PBXBuildFile; fileRef = 489019BE2767B6D500155A6C /* CreateItemViewController.swift */; };
		489019C12767C8EF00155A6C /* CreateItemViewModel.swift in Sources */ = {isa = PBXBuildFile; fileRef = 489019C02767C8EF00155A6C /* CreateItemViewModel.swift */; };
		489019C32767CC1E00155A6C /* CreateItemViewModelTests.swift in Sources */ = {isa = PBXBuildFile; fileRef = 489019C22767CC1E00155A6C /* CreateItemViewModelTests.swift */; };
		48BD630D276D01450052F80C /* FetchState.swift in Sources */ = {isa = PBXBuildFile; fileRef = 48BD630C276D01450052F80C /* FetchState.swift */; };
		48BD630F276D44B80052F80C /* GetCountsUseCaseImplementation.swift in Sources */ = {isa = PBXBuildFile; fileRef = 48BD630E276D44B80052F80C /* GetCountsUseCaseImplementation.swift */; };
		48BD6311276D68B40052F80C /* FeedTableDataSource.swift in Sources */ = {isa = PBXBuildFile; fileRef = 48BD6310276D68B40052F80C /* FeedTableDataSource.swift */; };
		48CEAB3F276A6D6F00DAAF01 /* Bindable.swift in Sources */ = {isa = PBXBuildFile; fileRef = 48CEAB3E276A6D6F00DAAF01 /* Bindable.swift */; };
		48CEAB41276A6F0F00DAAF01 /* Observable.swift in Sources */ = {isa = PBXBuildFile; fileRef = 48CEAB40276A6F0F00DAAF01 /* Observable.swift */; };
		48CEAB43276A7F5F00DAAF01 /* +String.swift in Sources */ = {isa = PBXBuildFile; fileRef = 48CEAB42276A7F5F00DAAF01 /* +String.swift */; };
		48CEAB45276A7FEB00DAAF01 /* Localizables.swift in Sources */ = {isa = PBXBuildFile; fileRef = 48CEAB44276A7FEB00DAAF01 /* Localizables.swift */; };
		48D338972763C73D00DDC3E0 /* DependencyContainerTests.swift in Sources */ = {isa = PBXBuildFile; fileRef = 48D338962763C73D00DDC3E0 /* DependencyContainerTests.swift */; };
		48D3389B2763C7F700DDC3E0 /* DependencyContainer.swift in Sources */ = {isa = PBXBuildFile; fileRef = 48D3389A2763C7F700DDC3E0 /* DependencyContainer.swift */; };
		48D3389E2763CC0200DDC3E0 /* Coordinator.swift in Sources */ = {isa = PBXBuildFile; fileRef = 48D3389D2763CC0200DDC3E0 /* Coordinator.swift */; };
		48D338A02763CC9300DDC3E0 /* MainCoordinatorTests.swift in Sources */ = {isa = PBXBuildFile; fileRef = 48D3389F2763CC9300DDC3E0 /* MainCoordinatorTests.swift */; };
		48D338A22763CCD900DDC3E0 /* MainCoordinator.swift in Sources */ = {isa = PBXBuildFile; fileRef = 48D338A12763CCD900DDC3E0 /* MainCoordinator.swift */; };
		48D338A42763DEB700DDC3E0 /* InitialFactories.swift in Sources */ = {isa = PBXBuildFile; fileRef = 48D338A32763DEB700DDC3E0 /* InitialFactories.swift */; };
		48E529542770FDB6003393B3 /* ResultsViewController.swift in Sources */ = {isa = PBXBuildFile; fileRef = 48E529532770FDB6003393B3 /* ResultsViewController.swift */; };
		48E5295627710480003393B3 /* ResultsViewModel.swift in Sources */ = {isa = PBXBuildFile; fileRef = 48E5295527710480003393B3 /* ResultsViewModel.swift */; };
		48F3536E276BB45800EB8F05 /* Count.swift in Sources */ = {isa = PBXBuildFile; fileRef = 48F3536D276BB45800EB8F05 /* Count.swift */; };
		48F35370276BB4E700EB8F05 /* CountCreation.swift in Sources */ = {isa = PBXBuildFile; fileRef = 48F3536F276BB4E700EB8F05 /* CountCreation.swift */; };
		48F35374276BB5B000EB8F05 /* GetCountsUseCase.swift in Sources */ = {isa = PBXBuildFile; fileRef = 48F35373276BB5B000EB8F05 /* GetCountsUseCase.swift */; };
		48F35379276BB72000EB8F05 /* ChangeCountUseCase.swift in Sources */ = {isa = PBXBuildFile; fileRef = 48F35378276BB72000EB8F05 /* ChangeCountUseCase.swift */; };
		48F3537B276BB86F00EB8F05 /* CreateCountUseCase.swift in Sources */ = {isa = PBXBuildFile; fileRef = 48F3537A276BB86F00EB8F05 /* CreateCountUseCase.swift */; };
		48F3537D276BB97100EB8F05 /* DeleteCountUseCase.swift in Sources */ = {isa = PBXBuildFile; fileRef = 48F3537C276BB97100EB8F05 /* DeleteCountUseCase.swift */; };
		48F3537F276BBDCB00EB8F05 /* CountCell.swift in Sources */ = {isa = PBXBuildFile; fileRef = 48F3537E276BBDCB00EB8F05 /* CountCell.swift */; };
		48F35383276C142500EB8F05 /* CreateCountImplementation.swift in Sources */ = {isa = PBXBuildFile; fileRef = 48F35382276C142500EB8F05 /* CreateCountImplementation.swift */; };
		48F35385276C191900EB8F05 /* Counts.swift in Sources */ = {isa = PBXBuildFile; fileRef = 48F35384276C191900EB8F05 /* Counts.swift */; };
		48FDC068277184250076B793 /* MainCounterViewModelTests.swift in Sources */ = {isa = PBXBuildFile; fileRef = 48FDC067277184250076B793 /* MainCounterViewModelTests.swift */; };
		48FDC06B277192140076B793 /* CounterViewModelTests.swift in Sources */ = {isa = PBXBuildFile; fileRef = 48FDC06A277192140076B793 /* CounterViewModelTests.swift */; };
		48FDC06D277194040076B793 /* ResultsViewModelTests.swift in Sources */ = {isa = PBXBuildFile; fileRef = 48FDC06C277194030076B793 /* ResultsViewModelTests.swift */; };
		DE3EBACC25E048CE00DA1E0D /* Button.swift in Sources */ = {isa = PBXBuildFile; fileRef = DE3EBACB25E048CE00DA1E0D /* Button.swift */; };
		DECA256C25CC8D4200851431 /* AppDelegate.swift in Sources */ = {isa = PBXBuildFile; fileRef = DECA256B25CC8D4200851431 /* AppDelegate.swift */; };
		DECA257025CC8D4200851431 /* WelcomeViewController.swift in Sources */ = {isa = PBXBuildFile; fileRef = DECA256F25CC8D4200851431 /* WelcomeViewController.swift */; };
		DECA257525CC8D4300851431 /* Assets.xcassets in Resources */ = {isa = PBXBuildFile; fileRef = DECA257425CC8D4300851431 /* Assets.xcassets */; };
		DECA257825CC8D4300851431 /* LaunchScreen.storyboard in Resources */ = {isa = PBXBuildFile; fileRef = DECA257625CC8D4300851431 /* LaunchScreen.storyboard */; };
		DECA258E25CC8D4300851431 /* CountersUITests.swift in Sources */ = {isa = PBXBuildFile; fileRef = DECA258D25CC8D4300851431 /* CountersUITests.swift */; };
		DEED7FCE25CC975D00BA0CDB /* Localizable.strings in Resources */ = {isa = PBXBuildFile; fileRef = DEED7FD025CC975D00BA0CDB /* Localizable.strings */; };
/* End PBXBuildFile section */

/* Begin PBXContainerItemProxy section */
		DECA257F25CC8D4300851431 /* PBXContainerItemProxy */ = {
			isa = PBXContainerItemProxy;
			containerPortal = DECA256025CC8D4200851431 /* Project object */;
			proxyType = 1;
			remoteGlobalIDString = DECA256725CC8D4200851431;
			remoteInfo = Counters;
		};
		DECA258A25CC8D4300851431 /* PBXContainerItemProxy */ = {
			isa = PBXContainerItemProxy;
			containerPortal = DECA256025CC8D4200851431 /* Project object */;
			proxyType = 1;
			remoteGlobalIDString = DECA256725CC8D4200851431;
			remoteInfo = Counters;
		};
/* End PBXContainerItemProxy section */

/* Begin PBXFileReference section */
		350AF6D825E02D5E0000F698 /* WelcomeView.swift */ = {isa = PBXFileReference; lastKnownFileType = sourcecode.swift; path = WelcomeView.swift; sourceTree = "<group>"; };
		350AF6E325E035840000F698 /* WelcomeFeatureView.swift */ = {isa = PBXFileReference; lastKnownFileType = sourcecode.swift; path = WelcomeFeatureView.swift; sourceTree = "<group>"; };
		350AF6EC25E0365A0000F698 /* UIImage+Badge.swift */ = {isa = PBXFileReference; lastKnownFileType = sourcecode.swift; path = "UIImage+Badge.swift"; sourceTree = "<group>"; };
		35868D2725E03F090028AF1D /* WelcomeViewPresenter.swift */ = {isa = PBXFileReference; lastKnownFileType = sourcecode.swift; path = WelcomeViewPresenter.swift; sourceTree = "<group>"; };
		35EAFB7625CC9E3A00DCFE10 /* Counters-Bridging-Header.h */ = {isa = PBXFileReference; lastKnownFileType = sourcecode.c.h; path = "Counters-Bridging-Header.h"; sourceTree = "<group>"; };
		35EAFB7725CC9E3B00DCFE10 /* Networking.h */ = {isa = PBXFileReference; fileEncoding = 4; lastKnownFileType = sourcecode.c.h; path = Networking.h; sourceTree = "<group>"; };
		35EAFB7825CC9E3B00DCFE10 /* Networking.m */ = {isa = PBXFileReference; fileEncoding = 4; lastKnownFileType = sourcecode.c.objc; path = Networking.m; sourceTree = "<group>"; };
		4838935027692B9700EEFEEA /* StorageRepository.swift */ = {isa = PBXFileReference; lastKnownFileType = sourcecode.swift; path = StorageRepository.swift; sourceTree = "<group>"; };
		4838935227692BF900EEFEEA /* DefaultsImplementation.swift */ = {isa = PBXFileReference; lastKnownFileType = sourcecode.swift; path = DefaultsImplementation.swift; sourceTree = "<group>"; };
		4838935527692E9100EEFEEA /* Initialization.swift */ = {isa = PBXFileReference; lastKnownFileType = sourcecode.swift; path = Initialization.swift; sourceTree = "<group>"; };
		4847D02C27666A0600D5158A /* +UIViewController.swift */ = {isa = PBXFileReference; lastKnownFileType = sourcecode.swift; path = "+UIViewController.swift"; sourceTree = "<group>"; };
		4847D02F276671E400D5158A /* MainCounterViewController.swift */ = {isa = PBXFileReference; lastKnownFileType = sourcecode.swift; path = MainCounterViewController.swift; sourceTree = "<group>"; };
		4847D0312766724F00D5158A /* MainCounterViewModel.swift */ = {isa = PBXFileReference; lastKnownFileType = sourcecode.swift; path = MainCounterViewModel.swift; sourceTree = "<group>"; };
		4847D035276692FB00D5158A /* MainCounterViewControllerTests.swift */ = {isa = PBXFileReference; lastKnownFileType = sourcecode.swift; path = MainCounterViewControllerTests.swift; sourceTree = "<group>"; };
		4847D0372766984C00D5158A /* DependencyStub.swift */ = {isa = PBXFileReference; lastKnownFileType = sourcecode.swift; path = DependencyStub.swift; sourceTree = "<group>"; };
		4847D03B27669D7600D5158A /* +UIView.swift */ = {isa = PBXFileReference; lastKnownFileType = sourcecode.swift; path = "+UIView.swift"; sourceTree = "<group>"; };
		4847D03D27669FA800D5158A /* MainResponseView.swift */ = {isa = PBXFileReference; lastKnownFileType = sourcecode.swift; path = MainResponseView.swift; sourceTree = "<group>"; };
		4847D03F2766A26E00D5158A /* ViewFactory.swift */ = {isa = PBXFileReference; lastKnownFileType = sourcecode.swift; path = ViewFactory.swift; sourceTree = "<group>"; };
		4859BCE6276FA23700896380 /* CounterViewModel.swift */ = {isa = PBXFileReference; lastKnownFileType = sourcecode.swift; path = CounterViewModel.swift; sourceTree = "<group>"; };
		4859BCE8276FBFCB00896380 /* ChangeUseCaseImplementation.swift */ = {isa = PBXFileReference; lastKnownFileType = sourcecode.swift; path = ChangeUseCaseImplementation.swift; sourceTree = "<group>"; };
		4866AC0327716F940019EA08 /* NetworkMock.swift */ = {isa = PBXFileReference; lastKnownFileType = sourcecode.swift; path = NetworkMock.swift; sourceTree = "<group>"; };
		4866AC052771710F0019EA08 /* CreateItemUseCaseMock.swift */ = {isa = PBXFileReference; lastKnownFileType = sourcecode.swift; path = CreateItemUseCaseMock.swift; sourceTree = "<group>"; };
		4866AC072771724F0019EA08 /* CountersStub.swift */ = {isa = PBXFileReference; lastKnownFileType = sourcecode.swift; path = CountersStub.swift; sourceTree = "<group>"; };
		4866AC0A277175F10019EA08 /* ChangeCountUseCaseMock.swift */ = {isa = PBXFileReference; lastKnownFileType = sourcecode.swift; path = ChangeCountUseCaseMock.swift; sourceTree = "<group>"; };
		4866AC0C277176570019EA08 /* GetCountUseCaseMock.swift */ = {isa = PBXFileReference; lastKnownFileType = sourcecode.swift; path = GetCountUseCaseMock.swift; sourceTree = "<group>"; };
		489019BC2767B65E00155A6C /* CreateItemViewControllerTests.swift */ = {isa = PBXFileReference; lastKnownFileType = sourcecode.swift; path = CreateItemViewControllerTests.swift; sourceTree = "<group>"; };
		489019BE2767B6D500155A6C /* CreateItemViewController.swift */ = {isa = PBXFileReference; lastKnownFileType = sourcecode.swift; path = CreateItemViewController.swift; sourceTree = "<group>"; };
		489019C02767C8EF00155A6C /* CreateItemViewModel.swift */ = {isa = PBXFileReference; lastKnownFileType = sourcecode.swift; path = CreateItemViewModel.swift; sourceTree = "<group>"; };
		489019C22767CC1E00155A6C /* CreateItemViewModelTests.swift */ = {isa = PBXFileReference; lastKnownFileType = sourcecode.swift; path = CreateItemViewModelTests.swift; sourceTree = "<group>"; };
		48BD630C276D01450052F80C /* FetchState.swift */ = {isa = PBXFileReference; lastKnownFileType = sourcecode.swift; path = FetchState.swift; sourceTree = "<group>"; };
		48BD630E276D44B80052F80C /* GetCountsUseCaseImplementation.swift */ = {isa = PBXFileReference; lastKnownFileType = sourcecode.swift; path = GetCountsUseCaseImplementation.swift; sourceTree = "<group>"; };
		48BD6310276D68B40052F80C /* FeedTableDataSource.swift */ = {isa = PBXFileReference; lastKnownFileType = sourcecode.swift; path = FeedTableDataSource.swift; sourceTree = "<group>"; };
		48CEAB3E276A6D6F00DAAF01 /* Bindable.swift */ = {isa = PBXFileReference; lastKnownFileType = sourcecode.swift; path = Bindable.swift; sourceTree = "<group>"; };
		48CEAB40276A6F0F00DAAF01 /* Observable.swift */ = {isa = PBXFileReference; lastKnownFileType = sourcecode.swift; path = Observable.swift; sourceTree = "<group>"; };
		48CEAB42276A7F5F00DAAF01 /* +String.swift */ = {isa = PBXFileReference; lastKnownFileType = sourcecode.swift; path = "+String.swift"; sourceTree = "<group>"; };
		48CEAB44276A7FEB00DAAF01 /* Localizables.swift */ = {isa = PBXFileReference; lastKnownFileType = sourcecode.swift; path = Localizables.swift; sourceTree = "<group>"; };
		48D338962763C73D00DDC3E0 /* DependencyContainerTests.swift */ = {isa = PBXFileReference; lastKnownFileType = sourcecode.swift; path = DependencyContainerTests.swift; sourceTree = "<group>"; };
		48D3389A2763C7F700DDC3E0 /* DependencyContainer.swift */ = {isa = PBXFileReference; lastKnownFileType = sourcecode.swift; path = DependencyContainer.swift; sourceTree = "<group>"; };
		48D3389D2763CC0200DDC3E0 /* Coordinator.swift */ = {isa = PBXFileReference; lastKnownFileType = sourcecode.swift; path = Coordinator.swift; sourceTree = "<group>"; };
		48D3389F2763CC9300DDC3E0 /* MainCoordinatorTests.swift */ = {isa = PBXFileReference; lastKnownFileType = sourcecode.swift; path = MainCoordinatorTests.swift; sourceTree = "<group>"; };
		48D338A12763CCD900DDC3E0 /* MainCoordinator.swift */ = {isa = PBXFileReference; lastKnownFileType = sourcecode.swift; path = MainCoordinator.swift; sourceTree = "<group>"; };
		48D338A32763DEB700DDC3E0 /* InitialFactories.swift */ = {isa = PBXFileReference; lastKnownFileType = sourcecode.swift; path = InitialFactories.swift; sourceTree = "<group>"; };
		48E529532770FDB6003393B3 /* ResultsViewController.swift */ = {isa = PBXFileReference; lastKnownFileType = sourcecode.swift; path = ResultsViewController.swift; sourceTree = "<group>"; };
		48E5295527710480003393B3 /* ResultsViewModel.swift */ = {isa = PBXFileReference; lastKnownFileType = sourcecode.swift; path = ResultsViewModel.swift; sourceTree = "<group>"; };
		48F3536D276BB45800EB8F05 /* Count.swift */ = {isa = PBXFileReference; lastKnownFileType = sourcecode.swift; path = Count.swift; sourceTree = "<group>"; };
		48F3536F276BB4E700EB8F05 /* CountCreation.swift */ = {isa = PBXFileReference; lastKnownFileType = sourcecode.swift; path = CountCreation.swift; sourceTree = "<group>"; };
		48F35373276BB5B000EB8F05 /* GetCountsUseCase.swift */ = {isa = PBXFileReference; lastKnownFileType = sourcecode.swift; path = GetCountsUseCase.swift; sourceTree = "<group>"; };
		48F35378276BB72000EB8F05 /* ChangeCountUseCase.swift */ = {isa = PBXFileReference; lastKnownFileType = sourcecode.swift; path = ChangeCountUseCase.swift; sourceTree = "<group>"; };
		48F3537A276BB86F00EB8F05 /* CreateCountUseCase.swift */ = {isa = PBXFileReference; lastKnownFileType = sourcecode.swift; path = CreateCountUseCase.swift; sourceTree = "<group>"; };
		48F3537C276BB97100EB8F05 /* DeleteCountUseCase.swift */ = {isa = PBXFileReference; lastKnownFileType = sourcecode.swift; path = DeleteCountUseCase.swift; sourceTree = "<group>"; };
		48F3537E276BBDCB00EB8F05 /* CountCell.swift */ = {isa = PBXFileReference; lastKnownFileType = sourcecode.swift; path = CountCell.swift; sourceTree = "<group>"; };
		48F35382276C142500EB8F05 /* CreateCountImplementation.swift */ = {isa = PBXFileReference; lastKnownFileType = sourcecode.swift; path = CreateCountImplementation.swift; sourceTree = "<group>"; };
		48F35384276C191900EB8F05 /* Counts.swift */ = {isa = PBXFileReference; lastKnownFileType = sourcecode.swift; path = Counts.swift; sourceTree = "<group>"; };
		48FDC067277184250076B793 /* MainCounterViewModelTests.swift */ = {isa = PBXFileReference; lastKnownFileType = sourcecode.swift; path = MainCounterViewModelTests.swift; sourceTree = "<group>"; };
		48FDC06A277192140076B793 /* CounterViewModelTests.swift */ = {isa = PBXFileReference; lastKnownFileType = sourcecode.swift; path = CounterViewModelTests.swift; sourceTree = "<group>"; };
		48FDC06C277194030076B793 /* ResultsViewModelTests.swift */ = {isa = PBXFileReference; lastKnownFileType = sourcecode.swift; path = ResultsViewModelTests.swift; sourceTree = "<group>"; };
		DE3EBACB25E048CE00DA1E0D /* Button.swift */ = {isa = PBXFileReference; lastKnownFileType = sourcecode.swift; path = Button.swift; sourceTree = "<group>"; };
		DECA256825CC8D4200851431 /* Counters.app */ = {isa = PBXFileReference; explicitFileType = wrapper.application; includeInIndex = 0; path = Counters.app; sourceTree = BUILT_PRODUCTS_DIR; };
		DECA256B25CC8D4200851431 /* AppDelegate.swift */ = {isa = PBXFileReference; lastKnownFileType = sourcecode.swift; path = AppDelegate.swift; sourceTree = "<group>"; };
		DECA256F25CC8D4200851431 /* WelcomeViewController.swift */ = {isa = PBXFileReference; lastKnownFileType = sourcecode.swift; path = WelcomeViewController.swift; sourceTree = "<group>"; };
		DECA257425CC8D4300851431 /* Assets.xcassets */ = {isa = PBXFileReference; lastKnownFileType = folder.assetcatalog; path = Assets.xcassets; sourceTree = "<group>"; };
		DECA257725CC8D4300851431 /* Base */ = {isa = PBXFileReference; lastKnownFileType = file.storyboard; name = Base; path = Base.lproj/LaunchScreen.storyboard; sourceTree = "<group>"; };
		DECA257925CC8D4300851431 /* Info.plist */ = {isa = PBXFileReference; lastKnownFileType = text.plist.xml; path = Info.plist; sourceTree = "<group>"; };
		DECA257E25CC8D4300851431 /* CountersTests.xctest */ = {isa = PBXFileReference; explicitFileType = wrapper.cfbundle; includeInIndex = 0; path = CountersTests.xctest; sourceTree = BUILT_PRODUCTS_DIR; };
		DECA258425CC8D4300851431 /* Info.plist */ = {isa = PBXFileReference; lastKnownFileType = text.plist.xml; path = Info.plist; sourceTree = "<group>"; };
		DECA258925CC8D4300851431 /* CountersUITests.xctest */ = {isa = PBXFileReference; explicitFileType = wrapper.cfbundle; includeInIndex = 0; path = CountersUITests.xctest; sourceTree = BUILT_PRODUCTS_DIR; };
		DECA258D25CC8D4300851431 /* CountersUITests.swift */ = {isa = PBXFileReference; lastKnownFileType = sourcecode.swift; path = CountersUITests.swift; sourceTree = "<group>"; };
		DECA258F25CC8D4300851431 /* Info.plist */ = {isa = PBXFileReference; lastKnownFileType = text.plist.xml; path = Info.plist; sourceTree = "<group>"; };
		DEED7FCF25CC975D00BA0CDB /* en */ = {isa = PBXFileReference; lastKnownFileType = text.plist.strings; name = en; path = en.lproj/Localizable.strings; sourceTree = "<group>"; };
/* End PBXFileReference section */

/* Begin PBXFrameworksBuildPhase section */
		DECA256525CC8D4200851431 /* Frameworks */ = {
			isa = PBXFrameworksBuildPhase;
			buildActionMask = 2147483647;
			files = (
			);
			runOnlyForDeploymentPostprocessing = 0;
		};
		DECA257B25CC8D4300851431 /* Frameworks */ = {
			isa = PBXFrameworksBuildPhase;
			buildActionMask = 2147483647;
			files = (
			);
			runOnlyForDeploymentPostprocessing = 0;
		};
		DECA258625CC8D4300851431 /* Frameworks */ = {
			isa = PBXFrameworksBuildPhase;
			buildActionMask = 2147483647;
			files = (
			);
			runOnlyForDeploymentPostprocessing = 0;
		};
/* End PBXFrameworksBuildPhase section */

/* Begin PBXGroup section */
		350AF6E225E035750000F698 /* Views */ = {
			isa = PBXGroup;
			children = (
				350AF6E325E035840000F698 /* WelcomeFeatureView.swift */,
			);
			path = Views;
			sourceTree = "<group>";
		};
		35868D2F25E0522E0028AF1D /* Extensions */ = {
			isa = PBXGroup;
			children = (
				350AF6EC25E0365A0000F698 /* UIImage+Badge.swift */,
				4847D02C27666A0600D5158A /* +UIViewController.swift */,
				4847D03B27669D7600D5158A /* +UIView.swift */,
				4847D03F2766A26E00D5158A /* ViewFactory.swift */,
				48CEAB42276A7F5F00DAAF01 /* +String.swift */,
			);
			path = Extensions;
			sourceTree = "<group>";
		};
		35EAFB7425CC9E0800DCFE10 /* Services */ = {
			isa = PBXGroup;
			children = (
				4838934F27692ADD00EEFEEA /* Persistence */,
				35EAFB7525CC9E1F00DCFE10 /* Networking */,
			);
			path = Services;
			sourceTree = "<group>";
		};
		35EAFB7525CC9E1F00DCFE10 /* Networking */ = {
			isa = PBXGroup;
			children = (
				48F35384276C191900EB8F05 /* Counts.swift */,
				35EAFB7725CC9E3B00DCFE10 /* Networking.h */,
				35EAFB7825CC9E3B00DCFE10 /* Networking.m */,
			);
			path = Networking;
			sourceTree = "<group>";
		};
		4838934F27692ADD00EEFEEA /* Persistence */ = {
			isa = PBXGroup;
			children = (
				4838935027692B9700EEFEEA /* StorageRepository.swift */,
				4838935227692BF900EEFEEA /* DefaultsImplementation.swift */,
			);
			path = Persistence;
			sourceTree = "<group>";
		};
		4838935427692E8100EEFEEA /* Models */ = {
			isa = PBXGroup;
			children = (
				4838935527692E9100EEFEEA /* Initialization.swift */,
				48F3536D276BB45800EB8F05 /* Count.swift */,
				48F3536F276BB4E700EB8F05 /* CountCreation.swift */,
			);
			path = Models;
			sourceTree = "<group>";
		};
		4847D02E2766717F00D5158A /* Main Counter View */ = {
			isa = PBXGroup;
			children = (
				4847D02F276671E400D5158A /* MainCounterViewController.swift */,
				4847D0312766724F00D5158A /* MainCounterViewModel.swift */,
				4859BCE6276FA23700896380 /* CounterViewModel.swift */,
				4847D03D27669FA800D5158A /* MainResponseView.swift */,
				48E529532770FDB6003393B3 /* ResultsViewController.swift */,
				48E5295527710480003393B3 /* ResultsViewModel.swift */,
			);
			path = "Main Counter View";
			sourceTree = "<group>";
		};
		4866AC0127716F4B0019EA08 /* InitialFlowTests */ = {
			isa = PBXGroup;
			children = (
				48D338962763C73D00DDC3E0 /* DependencyContainerTests.swift */,
				48D3389F2763CC9300DDC3E0 /* MainCoordinatorTests.swift */,
				4847D035276692FB00D5158A /* MainCounterViewControllerTests.swift */,
				489019BC2767B65E00155A6C /* CreateItemViewControllerTests.swift */,
			);
			path = InitialFlowTests;
			sourceTree = "<group>";
		};
		4866AC0227716F650019EA08 /* Mocks */ = {
			isa = PBXGroup;
			children = (
				4847D0372766984C00D5158A /* DependencyStub.swift */,
				48FDC069277184860076B793 /* UseCasesMocks */,
				4866AC0327716F940019EA08 /* NetworkMock.swift */,
				4866AC072771724F0019EA08 /* CountersStub.swift */,
			);
			path = Mocks;
			sourceTree = "<group>";
		};
		4866AC09277172F30019EA08 /* View Models */ = {
			isa = PBXGroup;
			children = (
				489019C22767CC1E00155A6C /* CreateItemViewModelTests.swift */,
				48FDC067277184250076B793 /* MainCounterViewModelTests.swift */,
				48FDC06A277192140076B793 /* CounterViewModelTests.swift */,
				48FDC06C277194030076B793 /* ResultsViewModelTests.swift */,
			);
			path = "View Models";
			sourceTree = "<group>";
		};
		489019BB2767B54D00155A6C /* Create Item */ = {
			isa = PBXGroup;
			children = (
				489019BE2767B6D500155A6C /* CreateItemViewController.swift */,
				489019C02767C8EF00155A6C /* CreateItemViewModel.swift */,
			);
			path = "Create Item";
			sourceTree = "<group>";
		};
		48CEAB3D276A6D6000DAAF01 /* Bindable */ = {
			isa = PBXGroup;
			children = (
				48CEAB3E276A6D6F00DAAF01 /* Bindable.swift */,
				48CEAB40276A6F0F00DAAF01 /* Observable.swift */,
				48BD630C276D01450052F80C /* FetchState.swift */,
			);
			path = Bindable;
			sourceTree = "<group>";
		};
		48D338982763C7B800DDC3E0 /* My Implementation */ = {
			isa = PBXGroup;
			children = (
				48F35371276BB57F00EB8F05 /* Use Cases */,
				48CEAB3D276A6D6000DAAF01 /* Bindable */,
				4838935427692E8100EEFEEA /* Models */,
				48D3389C2763CBE900DDC3E0 /* Coordinators */,
				48D338992763C7D600DDC3E0 /* Factories */,
			);
			path = "My Implementation";
			sourceTree = "<group>";
		};
		48D338992763C7D600DDC3E0 /* Factories */ = {
			isa = PBXGroup;
			children = (
				48D3389A2763C7F700DDC3E0 /* DependencyContainer.swift */,
				48D338A32763DEB700DDC3E0 /* InitialFactories.swift */,
			);
			path = Factories;
			sourceTree = "<group>";
		};
		48D3389C2763CBE900DDC3E0 /* Coordinators */ = {
			isa = PBXGroup;
			children = (
				48D3389D2763CC0200DDC3E0 /* Coordinator.swift */,
				48D338A12763CCD900DDC3E0 /* MainCoordinator.swift */,
			);
			path = Coordinators;
			sourceTree = "<group>";
		};
		48D338A52763E89400DDC3E0 /* Main */ = {
			isa = PBXGroup;
			children = (
				48BD6310276D68B40052F80C /* FeedTableDataSource.swift */,
			);
			path = Main;
			sourceTree = "<group>";
		};
		48F35371276BB57F00EB8F05 /* Use Cases */ = {
			isa = PBXGroup;
			children = (
				48F35377276BB70300EB8F05 /* Delete Counts */,
				48F35376276BB6F800EB8F05 /* Create Counts */,
				48F35375276BB6EB00EB8F05 /* Change Counts */,
				48F35372276BB58A00EB8F05 /* Get Counts */,
			);
			path = "Use Cases";
			sourceTree = "<group>";
		};
		48F35372276BB58A00EB8F05 /* Get Counts */ = {
			isa = PBXGroup;
			children = (
				48F35373276BB5B000EB8F05 /* GetCountsUseCase.swift */,
				48BD630E276D44B80052F80C /* GetCountsUseCaseImplementation.swift */,
			);
			path = "Get Counts";
			sourceTree = "<group>";
		};
		48F35375276BB6EB00EB8F05 /* Change Counts */ = {
			isa = PBXGroup;
			children = (
				48F35378276BB72000EB8F05 /* ChangeCountUseCase.swift */,
				4859BCE8276FBFCB00896380 /* ChangeUseCaseImplementation.swift */,
			);
			path = "Change Counts";
			sourceTree = "<group>";
		};
		48F35376276BB6F800EB8F05 /* Create Counts */ = {
			isa = PBXGroup;
			children = (
				48F3537A276BB86F00EB8F05 /* CreateCountUseCase.swift */,
				48F35382276C142500EB8F05 /* CreateCountImplementation.swift */,
			);
			path = "Create Counts";
			sourceTree = "<group>";
		};
		48F35377276BB70300EB8F05 /* Delete Counts */ = {
			isa = PBXGroup;
			children = (
				48F3537C276BB97100EB8F05 /* DeleteCountUseCase.swift */,
			);
			path = "Delete Counts";
			sourceTree = "<group>";
		};
		48FDC069277184860076B793 /* UseCasesMocks */ = {
			isa = PBXGroup;
			children = (
				4866AC0C277176570019EA08 /* GetCountUseCaseMock.swift */,
				4866AC052771710F0019EA08 /* CreateItemUseCaseMock.swift */,
				4866AC0A277175F10019EA08 /* ChangeCountUseCaseMock.swift */,
			);
			path = UseCasesMocks;
			sourceTree = "<group>";
		};
		DE3EBACA25E048C200DA1E0D /* UIComponents */ = {
			isa = PBXGroup;
			children = (
				DE3EBACB25E048CE00DA1E0D /* Button.swift */,
				48F3537E276BBDCB00EB8F05 /* CountCell.swift */,
			);
			path = UIComponents;
			sourceTree = "<group>";
		};
		DECA255F25CC8D4200851431 = {
			isa = PBXGroup;
			children = (
				DECA256A25CC8D4200851431 /* Counters */,
				DECA258125CC8D4300851431 /* CountersTests */,
				DECA258C25CC8D4300851431 /* CountersUITests */,
				DECA256925CC8D4200851431 /* Products */,
			);
			sourceTree = "<group>";
		};
		DECA256925CC8D4200851431 /* Products */ = {
			isa = PBXGroup;
			children = (
				DECA256825CC8D4200851431 /* Counters.app */,
				DECA257E25CC8D4300851431 /* CountersTests.xctest */,
				DECA258925CC8D4300851431 /* CountersUITests.xctest */,
			);
			name = Products;
			sourceTree = "<group>";
		};
		DECA256A25CC8D4200851431 /* Counters */ = {
			isa = PBXGroup;
			children = (
				48D338982763C7B800DDC3E0 /* My Implementation */,
				DE3EBACA25E048C200DA1E0D /* UIComponents */,
				DECA25AA25CC8FD600851431 /* Application */,
				DECA25AC25CC900C00851431 /* Config */,
				DECA25AB25CC900000851431 /* Resources */,
			);
			path = Counters;
			sourceTree = "<group>";
		};
		DECA258125CC8D4300851431 /* CountersTests */ = {
			isa = PBXGroup;
			children = (
				4866AC0227716F650019EA08 /* Mocks */,
				DECA258425CC8D4300851431 /* Info.plist */,
				4866AC0127716F4B0019EA08 /* InitialFlowTests */,
				4866AC09277172F30019EA08 /* View Models */,
			);
			path = CountersTests;
			sourceTree = "<group>";
		};
		DECA258C25CC8D4300851431 /* CountersUITests */ = {
			isa = PBXGroup;
			children = (
				DECA258D25CC8D4300851431 /* CountersUITests.swift */,
				DECA258F25CC8D4300851431 /* Info.plist */,
			);
			path = CountersUITests;
			sourceTree = "<group>";
		};
		DECA25AA25CC8FD600851431 /* Application */ = {
			isa = PBXGroup;
			children = (
				489019BB2767B54D00155A6C /* Create Item */,
				4847D02E2766717F00D5158A /* Main Counter View */,
				48D338A52763E89400DDC3E0 /* Main */,
				35868D2F25E0522E0028AF1D /* Extensions */,
				35EAFB7425CC9E0800DCFE10 /* Services */,
				DECA25AE25CC908800851431 /* AppDelegate */,
				DECA25AD25CC906700851431 /* Launch */,
				DECA25B225CC910100851431 /* Welcome */,
			);
			path = Application;
			sourceTree = "<group>";
		};
		DECA25AB25CC900000851431 /* Resources */ = {
			isa = PBXGroup;
			children = (
				DECA257425CC8D4300851431 /* Assets.xcassets */,
				DEED7FD025CC975D00BA0CDB /* Localizable.strings */,
				48CEAB44276A7FEB00DAAF01 /* Localizables.swift */,
			);
			path = Resources;
			sourceTree = "<group>";
		};
		DECA25AC25CC900C00851431 /* Config */ = {
			isa = PBXGroup;
			children = (
				35EAFB7625CC9E3A00DCFE10 /* Counters-Bridging-Header.h */,
				DECA257925CC8D4300851431 /* Info.plist */,
			);
			path = Config;
			sourceTree = "<group>";
		};
		DECA25AD25CC906700851431 /* Launch */ = {
			isa = PBXGroup;
			children = (
				DECA257625CC8D4300851431 /* LaunchScreen.storyboard */,
			);
			path = Launch;
			sourceTree = "<group>";
		};
		DECA25AE25CC908800851431 /* AppDelegate */ = {
			isa = PBXGroup;
			children = (
				DECA256B25CC8D4200851431 /* AppDelegate.swift */,
			);
			path = AppDelegate;
			sourceTree = "<group>";
		};
		DECA25B225CC910100851431 /* Welcome */ = {
			isa = PBXGroup;
			children = (
				350AF6E225E035750000F698 /* Views */,
				35868D2725E03F090028AF1D /* WelcomeViewPresenter.swift */,
				DECA256F25CC8D4200851431 /* WelcomeViewController.swift */,
				350AF6D825E02D5E0000F698 /* WelcomeView.swift */,
			);
			path = Welcome;
			sourceTree = "<group>";
		};
/* End PBXGroup section */

/* Begin PBXNativeTarget section */
		DECA256725CC8D4200851431 /* Counters */ = {
			isa = PBXNativeTarget;
			buildConfigurationList = DECA259225CC8D4300851431 /* Build configuration list for PBXNativeTarget "Counters" */;
			buildPhases = (
				DECA256425CC8D4200851431 /* Sources */,
				DECA256525CC8D4200851431 /* Frameworks */,
				DECA256625CC8D4200851431 /* Resources */,
			);
			buildRules = (
			);
			dependencies = (
			);
			name = Counters;
			productName = Counters;
			productReference = DECA256825CC8D4200851431 /* Counters.app */;
			productType = "com.apple.product-type.application";
		};
		DECA257D25CC8D4300851431 /* CountersTests */ = {
			isa = PBXNativeTarget;
			buildConfigurationList = DECA259525CC8D4300851431 /* Build configuration list for PBXNativeTarget "CountersTests" */;
			buildPhases = (
				DECA257A25CC8D4300851431 /* Sources */,
				DECA257B25CC8D4300851431 /* Frameworks */,
				DECA257C25CC8D4300851431 /* Resources */,
			);
			buildRules = (
			);
			dependencies = (
				DECA258025CC8D4300851431 /* PBXTargetDependency */,
			);
			name = CountersTests;
			productName = CountersTests;
			productReference = DECA257E25CC8D4300851431 /* CountersTests.xctest */;
			productType = "com.apple.product-type.bundle.unit-test";
		};
		DECA258825CC8D4300851431 /* CountersUITests */ = {
			isa = PBXNativeTarget;
			buildConfigurationList = DECA259825CC8D4300851431 /* Build configuration list for PBXNativeTarget "CountersUITests" */;
			buildPhases = (
				DECA258525CC8D4300851431 /* Sources */,
				DECA258625CC8D4300851431 /* Frameworks */,
				DECA258725CC8D4300851431 /* Resources */,
			);
			buildRules = (
			);
			dependencies = (
				DECA258B25CC8D4300851431 /* PBXTargetDependency */,
			);
			name = CountersUITests;
			productName = CountersUITests;
			productReference = DECA258925CC8D4300851431 /* CountersUITests.xctest */;
			productType = "com.apple.product-type.bundle.ui-testing";
		};
/* End PBXNativeTarget section */

/* Begin PBXProject section */
		DECA256025CC8D4200851431 /* Project object */ = {
			isa = PBXProject;
			attributes = {
				LastSwiftUpdateCheck = 1240;
				LastUpgradeCheck = 1240;
				TargetAttributes = {
					DECA256725CC8D4200851431 = {
						CreatedOnToolsVersion = 12.4;
						LastSwiftMigration = 1240;
					};
					DECA257D25CC8D4300851431 = {
						CreatedOnToolsVersion = 12.4;
						TestTargetID = DECA256725CC8D4200851431;
					};
					DECA258825CC8D4300851431 = {
						CreatedOnToolsVersion = 12.4;
						TestTargetID = DECA256725CC8D4200851431;
					};
				};
			};
			buildConfigurationList = DECA256325CC8D4200851431 /* Build configuration list for PBXProject "Counters" */;
			compatibilityVersion = "Xcode 9.3";
			developmentRegion = en;
			hasScannedForEncodings = 0;
			knownRegions = (
				en,
				Base,
			);
			mainGroup = DECA255F25CC8D4200851431;
			productRefGroup = DECA256925CC8D4200851431 /* Products */;
			projectDirPath = "";
			projectRoot = "";
			targets = (
				DECA256725CC8D4200851431 /* Counters */,
				DECA257D25CC8D4300851431 /* CountersTests */,
				DECA258825CC8D4300851431 /* CountersUITests */,
			);
		};
/* End PBXProject section */

/* Begin PBXResourcesBuildPhase section */
		DECA256625CC8D4200851431 /* Resources */ = {
			isa = PBXResourcesBuildPhase;
			buildActionMask = 2147483647;
			files = (
				DECA257825CC8D4300851431 /* LaunchScreen.storyboard in Resources */,
				DEED7FCE25CC975D00BA0CDB /* Localizable.strings in Resources */,
				DECA257525CC8D4300851431 /* Assets.xcassets in Resources */,
			);
			runOnlyForDeploymentPostprocessing = 0;
		};
		DECA257C25CC8D4300851431 /* Resources */ = {
			isa = PBXResourcesBuildPhase;
			buildActionMask = 2147483647;
			files = (
			);
			runOnlyForDeploymentPostprocessing = 0;
		};
		DECA258725CC8D4300851431 /* Resources */ = {
			isa = PBXResourcesBuildPhase;
			buildActionMask = 2147483647;
			files = (
			);
			runOnlyForDeploymentPostprocessing = 0;
		};
/* End PBXResourcesBuildPhase section */

/* Begin PBXSourcesBuildPhase section */
		DECA256425CC8D4200851431 /* Sources */ = {
			isa = PBXSourcesBuildPhase;
			buildActionMask = 2147483647;
			files = (
				48F35379276BB72000EB8F05 /* ChangeCountUseCase.swift in Sources */,
				4838935127692B9700EEFEEA /* StorageRepository.swift in Sources */,
				48F35370276BB4E700EB8F05 /* CountCreation.swift in Sources */,
				48F35385276C191900EB8F05 /* Counts.swift in Sources */,
				48F3537F276BBDCB00EB8F05 /* CountCell.swift in Sources */,
				48E5295627710480003393B3 /* ResultsViewModel.swift in Sources */,
				4859BCE7276FA23700896380 /* CounterViewModel.swift in Sources */,
				4838935327692BF900EEFEEA /* DefaultsImplementation.swift in Sources */,
				48BD630F276D44B80052F80C /* GetCountsUseCaseImplementation.swift in Sources */,
				48CEAB3F276A6D6F00DAAF01 /* Bindable.swift in Sources */,
				48CEAB45276A7FEB00DAAF01 /* Localizables.swift in Sources */,
				489019BF2767B6D500155A6C /* CreateItemViewController.swift in Sources */,
				35868D2825E03F090028AF1D /* WelcomeViewPresenter.swift in Sources */,
				48F3537D276BB97100EB8F05 /* DeleteCountUseCase.swift in Sources */,
				4847D02D27666A0600D5158A /* +UIViewController.swift in Sources */,
				48CEAB43276A7F5F00DAAF01 /* +String.swift in Sources */,
				48BD630D276D01450052F80C /* FetchState.swift in Sources */,
				4847D030276671E400D5158A /* MainCounterViewController.swift in Sources */,
				48E529542770FDB6003393B3 /* ResultsViewController.swift in Sources */,
				350AF6ED25E0365A0000F698 /* UIImage+Badge.swift in Sources */,
				48D3389E2763CC0200DDC3E0 /* Coordinator.swift in Sources */,
				48F3536E276BB45800EB8F05 /* Count.swift in Sources */,
				4847D03E27669FA800D5158A /* MainResponseView.swift in Sources */,
				DECA257025CC8D4200851431 /* WelcomeViewController.swift in Sources */,
				48CEAB41276A6F0F00DAAF01 /* Observable.swift in Sources */,
				DECA256C25CC8D4200851431 /* AppDelegate.swift in Sources */,
				48D338A22763CCD900DDC3E0 /* MainCoordinator.swift in Sources */,
				4859BCE9276FBFCB00896380 /* ChangeUseCaseImplementation.swift in Sources */,
				48F35383276C142500EB8F05 /* CreateCountImplementation.swift in Sources */,
				48F35374276BB5B000EB8F05 /* GetCountsUseCase.swift in Sources */,
				4847D0322766724F00D5158A /* MainCounterViewModel.swift in Sources */,
				DE3EBACC25E048CE00DA1E0D /* Button.swift in Sources */,
				48D338A42763DEB700DDC3E0 /* InitialFactories.swift in Sources */,
				35EAFB7925CC9E3B00DCFE10 /* Networking.m in Sources */,
				4847D0402766A26E00D5158A /* ViewFactory.swift in Sources */,
				48F3537B276BB86F00EB8F05 /* CreateCountUseCase.swift in Sources */,
				489019C12767C8EF00155A6C /* CreateItemViewModel.swift in Sources */,
				4847D03C27669D7600D5158A /* +UIView.swift in Sources */,
				350AF6D925E02D5E0000F698 /* WelcomeView.swift in Sources */,
				48D3389B2763C7F700DDC3E0 /* DependencyContainer.swift in Sources */,
				4838935627692E9100EEFEEA /* Initialization.swift in Sources */,
				48BD6311276D68B40052F80C /* FeedTableDataSource.swift in Sources */,
				350AF6E425E035840000F698 /* WelcomeFeatureView.swift in Sources */,
			);
			runOnlyForDeploymentPostprocessing = 0;
		};
		DECA257A25CC8D4300851431 /* Sources */ = {
			isa = PBXSourcesBuildPhase;
			buildActionMask = 2147483647;
			files = (
				4866AC0427716F940019EA08 /* NetworkMock.swift in Sources */,
				48FDC068277184250076B793 /* MainCounterViewModelTests.swift in Sources */,
				4866AC082771724F0019EA08 /* CountersStub.swift in Sources */,
				48FDC06D277194040076B793 /* ResultsViewModelTests.swift in Sources */,
				48D338972763C73D00DDC3E0 /* DependencyContainerTests.swift in Sources */,
				4866AC0D277176570019EA08 /* GetCountUseCaseMock.swift in Sources */,
				489019BD2767B65E00155A6C /* CreateItemViewControllerTests.swift in Sources */,
				4847D036276692FC00D5158A /* MainCounterViewControllerTests.swift in Sources */,
				4866AC0B277175F10019EA08 /* ChangeCountUseCaseMock.swift in Sources */,
				4847D0382766984C00D5158A /* DependencyStub.swift in Sources */,
				4866AC062771710F0019EA08 /* CreateItemUseCaseMock.swift in Sources */,
				48D338A02763CC9300DDC3E0 /* MainCoordinatorTests.swift in Sources */,
				48FDC06B277192140076B793 /* CounterViewModelTests.swift in Sources */,
				489019C32767CC1E00155A6C /* CreateItemViewModelTests.swift in Sources */,
			);
			runOnlyForDeploymentPostprocessing = 0;
		};
		DECA258525CC8D4300851431 /* Sources */ = {
			isa = PBXSourcesBuildPhase;
			buildActionMask = 2147483647;
			files = (
				DECA258E25CC8D4300851431 /* CountersUITests.swift in Sources */,
			);
			runOnlyForDeploymentPostprocessing = 0;
		};
/* End PBXSourcesBuildPhase section */

/* Begin PBXTargetDependency section */
		DECA258025CC8D4300851431 /* PBXTargetDependency */ = {
			isa = PBXTargetDependency;
			target = DECA256725CC8D4200851431 /* Counters */;
			targetProxy = DECA257F25CC8D4300851431 /* PBXContainerItemProxy */;
		};
		DECA258B25CC8D4300851431 /* PBXTargetDependency */ = {
			isa = PBXTargetDependency;
			target = DECA256725CC8D4200851431 /* Counters */;
			targetProxy = DECA258A25CC8D4300851431 /* PBXContainerItemProxy */;
		};
/* End PBXTargetDependency section */

/* Begin PBXVariantGroup section */
		DECA257625CC8D4300851431 /* LaunchScreen.storyboard */ = {
			isa = PBXVariantGroup;
			children = (
				DECA257725CC8D4300851431 /* Base */,
			);
			name = LaunchScreen.storyboard;
			sourceTree = "<group>";
		};
		DEED7FD025CC975D00BA0CDB /* Localizable.strings */ = {
			isa = PBXVariantGroup;
			children = (
				DEED7FCF25CC975D00BA0CDB /* en */,
			);
			name = Localizable.strings;
			sourceTree = "<group>";
		};
/* End PBXVariantGroup section */

/* Begin XCBuildConfiguration section */
		DECA259025CC8D4300851431 /* Debug */ = {
			isa = XCBuildConfiguration;
			buildSettings = {
				ALWAYS_SEARCH_USER_PATHS = NO;
				CLANG_ANALYZER_NONNULL = YES;
				CLANG_ANALYZER_NUMBER_OBJECT_CONVERSION = YES_AGGRESSIVE;
				CLANG_CXX_LANGUAGE_STANDARD = "gnu++14";
				CLANG_CXX_LIBRARY = "libc++";
				CLANG_ENABLE_MODULES = YES;
				CLANG_ENABLE_OBJC_ARC = YES;
				CLANG_ENABLE_OBJC_WEAK = YES;
				CLANG_WARN_BLOCK_CAPTURE_AUTORELEASING = YES;
				CLANG_WARN_BOOL_CONVERSION = YES;
				CLANG_WARN_COMMA = YES;
				CLANG_WARN_CONSTANT_CONVERSION = YES;
				CLANG_WARN_DEPRECATED_OBJC_IMPLEMENTATIONS = YES;
				CLANG_WARN_DIRECT_OBJC_ISA_USAGE = YES_ERROR;
				CLANG_WARN_DOCUMENTATION_COMMENTS = YES;
				CLANG_WARN_EMPTY_BODY = YES;
				CLANG_WARN_ENUM_CONVERSION = YES;
				CLANG_WARN_INFINITE_RECURSION = YES;
				CLANG_WARN_INT_CONVERSION = YES;
				CLANG_WARN_NON_LITERAL_NULL_CONVERSION = YES;
				CLANG_WARN_OBJC_IMPLICIT_RETAIN_SELF = YES;
				CLANG_WARN_OBJC_LITERAL_CONVERSION = YES;
				CLANG_WARN_OBJC_ROOT_CLASS = YES_ERROR;
				CLANG_WARN_QUOTED_INCLUDE_IN_FRAMEWORK_HEADER = YES;
				CLANG_WARN_RANGE_LOOP_ANALYSIS = YES;
				CLANG_WARN_STRICT_PROTOTYPES = YES;
				CLANG_WARN_SUSPICIOUS_MOVE = YES;
				CLANG_WARN_UNGUARDED_AVAILABILITY = YES_AGGRESSIVE;
				CLANG_WARN_UNREACHABLE_CODE = YES;
				CLANG_WARN__DUPLICATE_METHOD_MATCH = YES;
				COPY_PHASE_STRIP = NO;
				DEBUG_INFORMATION_FORMAT = dwarf;
				ENABLE_STRICT_OBJC_MSGSEND = YES;
				ENABLE_TESTABILITY = YES;
				GCC_C_LANGUAGE_STANDARD = gnu11;
				GCC_DYNAMIC_NO_PIC = NO;
				GCC_NO_COMMON_BLOCKS = YES;
				GCC_OPTIMIZATION_LEVEL = 0;
				GCC_PREPROCESSOR_DEFINITIONS = (
					"DEBUG=1",
					"$(inherited)",
				);
				GCC_WARN_64_TO_32_BIT_CONVERSION = YES;
				GCC_WARN_ABOUT_RETURN_TYPE = YES_ERROR;
				GCC_WARN_UNDECLARED_SELECTOR = YES;
				GCC_WARN_UNINITIALIZED_AUTOS = YES_AGGRESSIVE;
				GCC_WARN_UNUSED_FUNCTION = YES;
				GCC_WARN_UNUSED_VARIABLE = YES;
				IPHONEOS_DEPLOYMENT_TARGET = 13.0;
				MTL_ENABLE_DEBUG_INFO = INCLUDE_SOURCE;
				MTL_FAST_MATH = YES;
				ONLY_ACTIVE_ARCH = YES;
				SDKROOT = iphoneos;
				SWIFT_ACTIVE_COMPILATION_CONDITIONS = DEBUG;
				SWIFT_OPTIMIZATION_LEVEL = "-Onone";
			};
			name = Debug;
		};
		DECA259125CC8D4300851431 /* Release */ = {
			isa = XCBuildConfiguration;
			buildSettings = {
				ALWAYS_SEARCH_USER_PATHS = NO;
				CLANG_ANALYZER_NONNULL = YES;
				CLANG_ANALYZER_NUMBER_OBJECT_CONVERSION = YES_AGGRESSIVE;
				CLANG_CXX_LANGUAGE_STANDARD = "gnu++14";
				CLANG_CXX_LIBRARY = "libc++";
				CLANG_ENABLE_MODULES = YES;
				CLANG_ENABLE_OBJC_ARC = YES;
				CLANG_ENABLE_OBJC_WEAK = YES;
				CLANG_WARN_BLOCK_CAPTURE_AUTORELEASING = YES;
				CLANG_WARN_BOOL_CONVERSION = YES;
				CLANG_WARN_COMMA = YES;
				CLANG_WARN_CONSTANT_CONVERSION = YES;
				CLANG_WARN_DEPRECATED_OBJC_IMPLEMENTATIONS = YES;
				CLANG_WARN_DIRECT_OBJC_ISA_USAGE = YES_ERROR;
				CLANG_WARN_DOCUMENTATION_COMMENTS = YES;
				CLANG_WARN_EMPTY_BODY = YES;
				CLANG_WARN_ENUM_CONVERSION = YES;
				CLANG_WARN_INFINITE_RECURSION = YES;
				CLANG_WARN_INT_CONVERSION = YES;
				CLANG_WARN_NON_LITERAL_NULL_CONVERSION = YES;
				CLANG_WARN_OBJC_IMPLICIT_RETAIN_SELF = YES;
				CLANG_WARN_OBJC_LITERAL_CONVERSION = YES;
				CLANG_WARN_OBJC_ROOT_CLASS = YES_ERROR;
				CLANG_WARN_QUOTED_INCLUDE_IN_FRAMEWORK_HEADER = YES;
				CLANG_WARN_RANGE_LOOP_ANALYSIS = YES;
				CLANG_WARN_STRICT_PROTOTYPES = YES;
				CLANG_WARN_SUSPICIOUS_MOVE = YES;
				CLANG_WARN_UNGUARDED_AVAILABILITY = YES_AGGRESSIVE;
				CLANG_WARN_UNREACHABLE_CODE = YES;
				CLANG_WARN__DUPLICATE_METHOD_MATCH = YES;
				COPY_PHASE_STRIP = NO;
				DEBUG_INFORMATION_FORMAT = "dwarf-with-dsym";
				ENABLE_NS_ASSERTIONS = NO;
				ENABLE_STRICT_OBJC_MSGSEND = YES;
				GCC_C_LANGUAGE_STANDARD = gnu11;
				GCC_NO_COMMON_BLOCKS = YES;
				GCC_WARN_64_TO_32_BIT_CONVERSION = YES;
				GCC_WARN_ABOUT_RETURN_TYPE = YES_ERROR;
				GCC_WARN_UNDECLARED_SELECTOR = YES;
				GCC_WARN_UNINITIALIZED_AUTOS = YES_AGGRESSIVE;
				GCC_WARN_UNUSED_FUNCTION = YES;
				GCC_WARN_UNUSED_VARIABLE = YES;
				IPHONEOS_DEPLOYMENT_TARGET = 13.0;
				MTL_ENABLE_DEBUG_INFO = NO;
				MTL_FAST_MATH = YES;
				SDKROOT = iphoneos;
				SWIFT_COMPILATION_MODE = wholemodule;
				SWIFT_OPTIMIZATION_LEVEL = "-O";
				VALIDATE_PRODUCT = YES;
			};
			name = Release;
		};
		DECA259325CC8D4300851431 /* Debug */ = {
			isa = XCBuildConfiguration;
			buildSettings = {
				ASSETCATALOG_COMPILER_APPICON_NAME = AppIcon;
				ASSETCATALOG_COMPILER_GLOBAL_ACCENT_COLOR_NAME = AccentColor;
				CLANG_ENABLE_MODULES = YES;
				CODE_SIGN_STYLE = Automatic;
				INFOPLIST_FILE = Counters/Config/Info.plist;
				LD_RUNPATH_SEARCH_PATHS = (
					"$(inherited)",
					"@executable_path/Frameworks",
				);
				PRODUCT_BUNDLE_IDENTIFIER = com.cornershop.Counters;
				PRODUCT_NAME = "$(TARGET_NAME)";
				SWIFT_OBJC_BRIDGING_HEADER = "Counters/Config/Counters-Bridging-Header.h";
				SWIFT_OPTIMIZATION_LEVEL = "-Onone";
				SWIFT_VERSION = 5.0;
				TARGETED_DEVICE_FAMILY = "1,2";
			};
			name = Debug;
		};
		DECA259425CC8D4300851431 /* Release */ = {
			isa = XCBuildConfiguration;
			buildSettings = {
				ASSETCATALOG_COMPILER_APPICON_NAME = AppIcon;
				ASSETCATALOG_COMPILER_GLOBAL_ACCENT_COLOR_NAME = AccentColor;
				CLANG_ENABLE_MODULES = YES;
				CODE_SIGN_STYLE = Automatic;
				INFOPLIST_FILE = Counters/Config/Info.plist;
				LD_RUNPATH_SEARCH_PATHS = (
					"$(inherited)",
					"@executable_path/Frameworks",
				);
				PRODUCT_BUNDLE_IDENTIFIER = com.cornershop.Counters;
				PRODUCT_NAME = "$(TARGET_NAME)";
				SWIFT_OBJC_BRIDGING_HEADER = "Counters/Config/Counters-Bridging-Header.h";
				SWIFT_VERSION = 5.0;
				TARGETED_DEVICE_FAMILY = "1,2";
			};
			name = Release;
		};
		DECA259625CC8D4300851431 /* Debug */ = {
			isa = XCBuildConfiguration;
			buildSettings = {
				ALWAYS_EMBED_SWIFT_STANDARD_LIBRARIES = YES;
				BUNDLE_LOADER = "$(TEST_HOST)";
				CODE_SIGN_STYLE = Automatic;
				INFOPLIST_FILE = CountersTests/Info.plist;
				IPHONEOS_DEPLOYMENT_TARGET = 14.4;
				LD_RUNPATH_SEARCH_PATHS = (
					"$(inherited)",
					"@executable_path/Frameworks",
					"@loader_path/Frameworks",
				);
				PRODUCT_BUNDLE_IDENTIFIER = com.cornershop.CountersTests;
				PRODUCT_NAME = "$(TARGET_NAME)";
				SWIFT_VERSION = 5.0;
				TARGETED_DEVICE_FAMILY = "1,2";
				TEST_HOST = "$(BUILT_PRODUCTS_DIR)/Counters.app/Counters";
			};
			name = Debug;
		};
		DECA259725CC8D4300851431 /* Release */ = {
			isa = XCBuildConfiguration;
			buildSettings = {
				ALWAYS_EMBED_SWIFT_STANDARD_LIBRARIES = YES;
				BUNDLE_LOADER = "$(TEST_HOST)";
				CODE_SIGN_STYLE = Automatic;
				INFOPLIST_FILE = CountersTests/Info.plist;
				IPHONEOS_DEPLOYMENT_TARGET = 14.4;
				LD_RUNPATH_SEARCH_PATHS = (
					"$(inherited)",
					"@executable_path/Frameworks",
					"@loader_path/Frameworks",
				);
				PRODUCT_BUNDLE_IDENTIFIER = com.cornershop.CountersTests;
				PRODUCT_NAME = "$(TARGET_NAME)";
				SWIFT_VERSION = 5.0;
				TARGETED_DEVICE_FAMILY = "1,2";
				TEST_HOST = "$(BUILT_PRODUCTS_DIR)/Counters.app/Counters";
			};
			name = Release;
		};
		DECA259925CC8D4300851431 /* Debug */ = {
			isa = XCBuildConfiguration;
			buildSettings = {
				ALWAYS_EMBED_SWIFT_STANDARD_LIBRARIES = YES;
				CODE_SIGN_STYLE = Automatic;
				INFOPLIST_FILE = CountersUITests/Info.plist;
				LD_RUNPATH_SEARCH_PATHS = (
					"$(inherited)",
					"@executable_path/Frameworks",
					"@loader_path/Frameworks",
				);
				PRODUCT_BUNDLE_IDENTIFIER = com.cornershop.CountersUITests;
				PRODUCT_NAME = "$(TARGET_NAME)";
				SWIFT_VERSION = 5.0;
				TARGETED_DEVICE_FAMILY = "1,2";
				TEST_TARGET_NAME = Counters;
			};
			name = Debug;
		};
		DECA259A25CC8D4300851431 /* Release */ = {
			isa = XCBuildConfiguration;
			buildSettings = {
				ALWAYS_EMBED_SWIFT_STANDARD_LIBRARIES = YES;
				CODE_SIGN_STYLE = Automatic;
				INFOPLIST_FILE = CountersUITests/Info.plist;
				LD_RUNPATH_SEARCH_PATHS = (
					"$(inherited)",
					"@executable_path/Frameworks",
					"@loader_path/Frameworks",
				);
				PRODUCT_BUNDLE_IDENTIFIER = com.cornershop.CountersUITests;
				PRODUCT_NAME = "$(TARGET_NAME)";
				SWIFT_VERSION = 5.0;
				TARGETED_DEVICE_FAMILY = "1,2";
				TEST_TARGET_NAME = Counters;
			};
			name = Release;
		};
/* End XCBuildConfiguration section */

/* Begin XCConfigurationList section */
		DECA256325CC8D4200851431 /* Build configuration list for PBXProject "Counters" */ = {
			isa = XCConfigurationList;
			buildConfigurations = (
				DECA259025CC8D4300851431 /* Debug */,
				DECA259125CC8D4300851431 /* Release */,
			);
			defaultConfigurationIsVisible = 0;
			defaultConfigurationName = Release;
		};
		DECA259225CC8D4300851431 /* Build configuration list for PBXNativeTarget "Counters" */ = {
			isa = XCConfigurationList;
			buildConfigurations = (
				DECA259325CC8D4300851431 /* Debug */,
				DECA259425CC8D4300851431 /* Release */,
			);
			defaultConfigurationIsVisible = 0;
			defaultConfigurationName = Release;
		};
		DECA259525CC8D4300851431 /* Build configuration list for PBXNativeTarget "CountersTests" */ = {
			isa = XCConfigurationList;
			buildConfigurations = (
				DECA259625CC8D4300851431 /* Debug */,
				DECA259725CC8D4300851431 /* Release */,
			);
			defaultConfigurationIsVisible = 0;
			defaultConfigurationName = Release;
		};
		DECA259825CC8D4300851431 /* Build configuration list for PBXNativeTarget "CountersUITests" */ = {
			isa = XCConfigurationList;
			buildConfigurations = (
				DECA259925CC8D4300851431 /* Debug */,
				DECA259A25CC8D4300851431 /* Release */,
			);
			defaultConfigurationIsVisible = 0;
			defaultConfigurationName = Release;
		};
/* End XCConfigurationList section */
	};
	rootObject = DECA256025CC8D4200851431 /* Project object */;
}
